// !$*UTF8*$!
{
	archiveVersion = 1;
	classes = {
	};
	objectVersion = 56;
	objects = {

/* Begin PBXBuildFile section */
		ED1758752BA89AFA00A0EBC9 /* BenchmarkChart.swift in Sources */ = {isa = PBXBuildFile; fileRef = ED1758742BA89AFA00A0EBC9 /* BenchmarkChart.swift */; };
		ED4834E32BA14267007E929B /* View+render.swift in Sources */ = {isa = PBXBuildFile; fileRef = ED4834E22BA14267007E929B /* View+render.swift */; };
		EDE4B6F02B8F0FD60051F6AE /* PackIterationBenchmarksApp.swift in Sources */ = {isa = PBXBuildFile; fileRef = EDE4B6EF2B8F0FD60051F6AE /* PackIterationBenchmarksApp.swift */; };
		EDE4B6F22B8F0FD60051F6AE /* ContentView.swift in Sources */ = {isa = PBXBuildFile; fileRef = EDE4B6F12B8F0FD60051F6AE /* ContentView.swift */; };
		EDE4B6F42B8F0FD70051F6AE /* Assets.xcassets in Resources */ = {isa = PBXBuildFile; fileRef = EDE4B6F32B8F0FD70051F6AE /* Assets.xcassets */; };
		EDE4B6F82B8F0FD70051F6AE /* Preview Assets.xcassets in Resources */ = {isa = PBXBuildFile; fileRef = EDE4B6F72B8F0FD70051F6AE /* Preview Assets.xcassets */; };
		EDE4B6FF2B8F11EB0051F6AE /* Benchmark.swift in Sources */ = {isa = PBXBuildFile; fileRef = EDE4B6FE2B8F11EB0051F6AE /* Benchmark.swift */; };
		EDE4B7012B8F16880051F6AE /* BenchmarksView.swift in Sources */ = {isa = PBXBuildFile; fileRef = EDE4B7002B8F16880051F6AE /* BenchmarksView.swift */; };
/* End PBXBuildFile section */

/* Begin PBXFileReference section */
		ED1758742BA89AFA00A0EBC9 /* BenchmarkChart.swift */ = {isa = PBXFileReference; lastKnownFileType = sourcecode.swift; path = BenchmarkChart.swift; sourceTree = "<group>"; };
		ED4834E22BA14267007E929B /* View+render.swift */ = {isa = PBXFileReference; lastKnownFileType = sourcecode.swift; path = "View+render.swift"; sourceTree = "<group>"; };
		EDE4B6EC2B8F0FD60051F6AE /* PackIterationBenchmarks.app */ = {isa = PBXFileReference; explicitFileType = wrapper.application; includeInIndex = 0; path = PackIterationBenchmarks.app; sourceTree = BUILT_PRODUCTS_DIR; };
		EDE4B6EF2B8F0FD60051F6AE /* PackIterationBenchmarksApp.swift */ = {isa = PBXFileReference; lastKnownFileType = sourcecode.swift; path = PackIterationBenchmarksApp.swift; sourceTree = "<group>"; };
		EDE4B6F12B8F0FD60051F6AE /* ContentView.swift */ = {isa = PBXFileReference; lastKnownFileType = sourcecode.swift; path = ContentView.swift; sourceTree = "<group>"; };
		EDE4B6F32B8F0FD70051F6AE /* Assets.xcassets */ = {isa = PBXFileReference; lastKnownFileType = folder.assetcatalog; path = Assets.xcassets; sourceTree = "<group>"; };
		EDE4B6F52B8F0FD70051F6AE /* PackIterationBenchmarks.entitlements */ = {isa = PBXFileReference; lastKnownFileType = text.plist.entitlements; path = PackIterationBenchmarks.entitlements; sourceTree = "<group>"; };
		EDE4B6F72B8F0FD70051F6AE /* Preview Assets.xcassets */ = {isa = PBXFileReference; lastKnownFileType = folder.assetcatalog; path = "Preview Assets.xcassets"; sourceTree = "<group>"; };
		EDE4B6FE2B8F11EB0051F6AE /* Benchmark.swift */ = {isa = PBXFileReference; lastKnownFileType = sourcecode.swift; path = Benchmark.swift; sourceTree = "<group>"; };
		EDE4B7002B8F16880051F6AE /* BenchmarksView.swift */ = {isa = PBXFileReference; lastKnownFileType = sourcecode.swift; path = BenchmarksView.swift; sourceTree = "<group>"; };
/* End PBXFileReference section */

/* Begin PBXFrameworksBuildPhase section */
		EDE4B6E92B8F0FD60051F6AE /* Frameworks */ = {
			isa = PBXFrameworksBuildPhase;
			buildActionMask = 2147483647;
			files = (
			);
			runOnlyForDeploymentPostprocessing = 0;
		};
/* End PBXFrameworksBuildPhase section */

/* Begin PBXGroup section */
		EDE4B6E32B8F0FD60051F6AE = {
			isa = PBXGroup;
			children = (
				EDE4B6EE2B8F0FD60051F6AE /* PackIterationBenchmarks */,
				EDE4B6ED2B8F0FD60051F6AE /* Products */,
			);
			sourceTree = "<group>";
		};
		EDE4B6ED2B8F0FD60051F6AE /* Products */ = {
			isa = PBXGroup;
			children = (
				EDE4B6EC2B8F0FD60051F6AE /* PackIterationBenchmarks.app */,
			);
			name = Products;
			sourceTree = "<group>";
		};
		EDE4B6EE2B8F0FD60051F6AE /* PackIterationBenchmarks */ = {
			isa = PBXGroup;
			children = (
				EDE4B6EF2B8F0FD60051F6AE /* PackIterationBenchmarksApp.swift */,
				EDE4B6F12B8F0FD60051F6AE /* ContentView.swift */,
				EDE4B6F32B8F0FD70051F6AE /* Assets.xcassets */,
				EDE4B6F52B8F0FD70051F6AE /* PackIterationBenchmarks.entitlements */,
				EDE4B6F62B8F0FD70051F6AE /* Preview Content */,
				EDE4B6FE2B8F11EB0051F6AE /* Benchmark.swift */,
				EDE4B7002B8F16880051F6AE /* BenchmarksView.swift */,
				ED4834E22BA14267007E929B /* View+render.swift */,
				ED1758742BA89AFA00A0EBC9 /* BenchmarkChart.swift */,
			);
			path = PackIterationBenchmarks;
			sourceTree = "<group>";
		};
		EDE4B6F62B8F0FD70051F6AE /* Preview Content */ = {
			isa = PBXGroup;
			children = (
				EDE4B6F72B8F0FD70051F6AE /* Preview Assets.xcassets */,
			);
			path = "Preview Content";
			sourceTree = "<group>";
		};
/* End PBXGroup section */

/* Begin PBXNativeTarget section */
		EDE4B6EB2B8F0FD60051F6AE /* PackIterationBenchmarks */ = {
			isa = PBXNativeTarget;
			buildConfigurationList = EDE4B6FB2B8F0FD70051F6AE /* Build configuration list for PBXNativeTarget "PackIterationBenchmarks" */;
			buildPhases = (
				EDE4B6E82B8F0FD60051F6AE /* Sources */,
				EDE4B6E92B8F0FD60051F6AE /* Frameworks */,
				EDE4B6EA2B8F0FD60051F6AE /* Resources */,
			);
			buildRules = (
			);
			dependencies = (
			);
			name = PackIterationBenchmarks;
			productName = PackIterationBenchmarks;
			productReference = EDE4B6EC2B8F0FD60051F6AE /* PackIterationBenchmarks.app */;
			productType = "com.apple.product-type.application";
		};
/* End PBXNativeTarget section */

/* Begin PBXProject section */
		EDE4B6E42B8F0FD60051F6AE /* Project object */ = {
			isa = PBXProject;
			attributes = {
				BuildIndependentTargetsInParallel = 1;
				LastSwiftUpdateCheck = 1520;
				LastUpgradeCheck = 1520;
				TargetAttributes = {
					EDE4B6EB2B8F0FD60051F6AE = {
						CreatedOnToolsVersion = 15.2;
					};
				};
			};
			buildConfigurationList = EDE4B6E72B8F0FD60051F6AE /* Build configuration list for PBXProject "PackIterationBenchmarks" */;
			compatibilityVersion = "Xcode 14.0";
			developmentRegion = en;
			hasScannedForEncodings = 0;
			knownRegions = (
				en,
				Base,
			);
			mainGroup = EDE4B6E32B8F0FD60051F6AE;
			productRefGroup = EDE4B6ED2B8F0FD60051F6AE /* Products */;
			projectDirPath = "";
			projectRoot = "";
			targets = (
				EDE4B6EB2B8F0FD60051F6AE /* PackIterationBenchmarks */,
			);
		};
/* End PBXProject section */

/* Begin PBXResourcesBuildPhase section */
		EDE4B6EA2B8F0FD60051F6AE /* Resources */ = {
			isa = PBXResourcesBuildPhase;
			buildActionMask = 2147483647;
			files = (
				EDE4B6F82B8F0FD70051F6AE /* Preview Assets.xcassets in Resources */,
				EDE4B6F42B8F0FD70051F6AE /* Assets.xcassets in Resources */,
			);
			runOnlyForDeploymentPostprocessing = 0;
		};
/* End PBXResourcesBuildPhase section */

/* Begin PBXSourcesBuildPhase section */
		EDE4B6E82B8F0FD60051F6AE /* Sources */ = {
			isa = PBXSourcesBuildPhase;
			buildActionMask = 2147483647;
			files = (
				EDE4B6F22B8F0FD60051F6AE /* ContentView.swift in Sources */,
				EDE4B6FF2B8F11EB0051F6AE /* Benchmark.swift in Sources */,
				ED1758752BA89AFA00A0EBC9 /* BenchmarkChart.swift in Sources */,
				EDE4B7012B8F16880051F6AE /* BenchmarksView.swift in Sources */,
				EDE4B6F02B8F0FD60051F6AE /* PackIterationBenchmarksApp.swift in Sources */,
				ED4834E32BA14267007E929B /* View+render.swift in Sources */,
			);
			runOnlyForDeploymentPostprocessing = 0;
		};
/* End PBXSourcesBuildPhase section */

/* Begin XCBuildConfiguration section */
		EDE4B6F92B8F0FD70051F6AE /* Debug */ = {
			isa = XCBuildConfiguration;
			buildSettings = {
				ALWAYS_SEARCH_USER_PATHS = NO;
				ASSETCATALOG_COMPILER_GENERATE_SWIFT_ASSET_SYMBOL_EXTENSIONS = YES;
				CLANG_ANALYZER_NONNULL = YES;
				CLANG_ANALYZER_NUMBER_OBJECT_CONVERSION = YES_AGGRESSIVE;
				CLANG_CXX_LANGUAGE_STANDARD = "gnu++20";
				CLANG_ENABLE_MODULES = YES;
				CLANG_ENABLE_OBJC_ARC = YES;
				CLANG_ENABLE_OBJC_WEAK = YES;
				CLANG_WARN_BLOCK_CAPTURE_AUTORELEASING = YES;
				CLANG_WARN_BOOL_CONVERSION = YES;
				CLANG_WARN_COMMA = YES;
				CLANG_WARN_CONSTANT_CONVERSION = YES;
				CLANG_WARN_DEPRECATED_OBJC_IMPLEMENTATIONS = YES;
				CLANG_WARN_DIRECT_OBJC_ISA_USAGE = YES_ERROR;
				CLANG_WARN_DOCUMENTATION_COMMENTS = YES;
				CLANG_WARN_EMPTY_BODY = YES;
				CLANG_WARN_ENUM_CONVERSION = YES;
				CLANG_WARN_INFINITE_RECURSION = YES;
				CLANG_WARN_INT_CONVERSION = YES;
				CLANG_WARN_NON_LITERAL_NULL_CONVERSION = YES;
				CLANG_WARN_OBJC_IMPLICIT_RETAIN_SELF = YES;
				CLANG_WARN_OBJC_LITERAL_CONVERSION = YES;
				CLANG_WARN_OBJC_ROOT_CLASS = YES_ERROR;
				CLANG_WARN_QUOTED_INCLUDE_IN_FRAMEWORK_HEADER = YES;
				CLANG_WARN_RANGE_LOOP_ANALYSIS = YES;
				CLANG_WARN_STRICT_PROTOTYPES = YES;
				CLANG_WARN_SUSPICIOUS_MOVE = YES;
				CLANG_WARN_UNGUARDED_AVAILABILITY = YES_AGGRESSIVE;
				CLANG_WARN_UNREACHABLE_CODE = YES;
				CLANG_WARN__DUPLICATE_METHOD_MATCH = YES;
				COPY_PHASE_STRIP = NO;
				DEBUG_INFORMATION_FORMAT = dwarf;
				ENABLE_STRICT_OBJC_MSGSEND = YES;
				ENABLE_TESTABILITY = YES;
				ENABLE_USER_SCRIPT_SANDBOXING = YES;
				GCC_C_LANGUAGE_STANDARD = gnu17;
				GCC_DYNAMIC_NO_PIC = NO;
				GCC_NO_COMMON_BLOCKS = YES;
				GCC_OPTIMIZATION_LEVEL = 0;
				GCC_PREPROCESSOR_DEFINITIONS = (
					"DEBUG=1",
					"$(inherited)",
				);
				GCC_WARN_64_TO_32_BIT_CONVERSION = YES;
				GCC_WARN_ABOUT_RETURN_TYPE = YES_ERROR;
				GCC_WARN_UNDECLARED_SELECTOR = YES;
				GCC_WARN_UNINITIALIZED_AUTOS = YES_AGGRESSIVE;
				GCC_WARN_UNUSED_FUNCTION = YES;
				GCC_WARN_UNUSED_VARIABLE = YES;
				LOCALIZATION_PREFERS_STRING_CATALOGS = YES;
				MTL_ENABLE_DEBUG_INFO = INCLUDE_SOURCE;
				MTL_FAST_MATH = YES;
				ONLY_ACTIVE_ARCH = YES;
				SWIFT_ACTIVE_COMPILATION_CONDITIONS = "DEBUG $(inherited)";
				SWIFT_OPTIMIZATION_LEVEL = "-Onone";
			};
			name = Debug;
		};
		EDE4B6FA2B8F0FD70051F6AE /* Release */ = {
			isa = XCBuildConfiguration;
			buildSettings = {
				ALWAYS_SEARCH_USER_PATHS = NO;
				ASSETCATALOG_COMPILER_GENERATE_SWIFT_ASSET_SYMBOL_EXTENSIONS = YES;
				CLANG_ANALYZER_NONNULL = YES;
				CLANG_ANALYZER_NUMBER_OBJECT_CONVERSION = YES_AGGRESSIVE;
				CLANG_CXX_LANGUAGE_STANDARD = "gnu++20";
				CLANG_ENABLE_MODULES = YES;
				CLANG_ENABLE_OBJC_ARC = YES;
				CLANG_ENABLE_OBJC_WEAK = YES;
				CLANG_WARN_BLOCK_CAPTURE_AUTORELEASING = YES;
				CLANG_WARN_BOOL_CONVERSION = YES;
				CLANG_WARN_COMMA = YES;
				CLANG_WARN_CONSTANT_CONVERSION = YES;
				CLANG_WARN_DEPRECATED_OBJC_IMPLEMENTATIONS = YES;
				CLANG_WARN_DIRECT_OBJC_ISA_USAGE = YES_ERROR;
				CLANG_WARN_DOCUMENTATION_COMMENTS = YES;
				CLANG_WARN_EMPTY_BODY = YES;
				CLANG_WARN_ENUM_CONVERSION = YES;
				CLANG_WARN_INFINITE_RECURSION = YES;
				CLANG_WARN_INT_CONVERSION = YES;
				CLANG_WARN_NON_LITERAL_NULL_CONVERSION = YES;
				CLANG_WARN_OBJC_IMPLICIT_RETAIN_SELF = YES;
				CLANG_WARN_OBJC_LITERAL_CONVERSION = YES;
				CLANG_WARN_OBJC_ROOT_CLASS = YES_ERROR;
				CLANG_WARN_QUOTED_INCLUDE_IN_FRAMEWORK_HEADER = YES;
				CLANG_WARN_RANGE_LOOP_ANALYSIS = YES;
				CLANG_WARN_STRICT_PROTOTYPES = YES;
				CLANG_WARN_SUSPICIOUS_MOVE = YES;
				CLANG_WARN_UNGUARDED_AVAILABILITY = YES_AGGRESSIVE;
				CLANG_WARN_UNREACHABLE_CODE = YES;
				CLANG_WARN__DUPLICATE_METHOD_MATCH = YES;
				COPY_PHASE_STRIP = NO;
				DEBUG_INFORMATION_FORMAT = "dwarf-with-dsym";
				ENABLE_NS_ASSERTIONS = NO;
				ENABLE_STRICT_OBJC_MSGSEND = YES;
				ENABLE_USER_SCRIPT_SANDBOXING = YES;
				GCC_C_LANGUAGE_STANDARD = gnu17;
				GCC_NO_COMMON_BLOCKS = YES;
				GCC_WARN_64_TO_32_BIT_CONVERSION = YES;
				GCC_WARN_ABOUT_RETURN_TYPE = YES_ERROR;
				GCC_WARN_UNDECLARED_SELECTOR = YES;
				GCC_WARN_UNINITIALIZED_AUTOS = YES_AGGRESSIVE;
				GCC_WARN_UNUSED_FUNCTION = YES;
				GCC_WARN_UNUSED_VARIABLE = YES;
				LOCALIZATION_PREFERS_STRING_CATALOGS = YES;
				MTL_ENABLE_DEBUG_INFO = NO;
				MTL_FAST_MATH = YES;
				SWIFT_COMPILATION_MODE = wholemodule;
			};
			name = Release;
		};
		EDE4B6FC2B8F0FD70051F6AE /* Debug */ = {
			isa = XCBuildConfiguration;
			buildSettings = {
				ASSETCATALOG_COMPILER_APPICON_NAME = AppIcon;
				ASSETCATALOG_COMPILER_GLOBAL_ACCENT_COLOR_NAME = AccentColor;
				CODE_SIGN_ENTITLEMENTS = PackIterationBenchmarks/PackIterationBenchmarks.entitlements;
				"CODE_SIGN_IDENTITY[sdk=macosx*]" = "Apple Development";
				CODE_SIGN_STYLE = Automatic;
				CURRENT_PROJECT_VERSION = 1;
				DEVELOPMENT_ASSET_PATHS = "\"PackIterationBenchmarks/Preview Content\"";
				DEVELOPMENT_TEAM = QJZL455652;
				ENABLE_HARDENED_RUNTIME = YES;
				ENABLE_PREVIEWS = YES;
				GENERATE_INFOPLIST_FILE = YES;
				INFOPLIST_KEY_LSApplicationCategoryType = "public.app-category.utilities";
				"INFOPLIST_KEY_UIApplicationSceneManifest_Generation[sdk=iphoneos*]" = YES;
				"INFOPLIST_KEY_UIApplicationSceneManifest_Generation[sdk=iphonesimulator*]" = YES;
				"INFOPLIST_KEY_UIApplicationSupportsIndirectInputEvents[sdk=iphoneos*]" = YES;
				"INFOPLIST_KEY_UIApplicationSupportsIndirectInputEvents[sdk=iphonesimulator*]" = YES;
				"INFOPLIST_KEY_UILaunchScreen_Generation[sdk=iphoneos*]" = YES;
				"INFOPLIST_KEY_UILaunchScreen_Generation[sdk=iphonesimulator*]" = YES;
				"INFOPLIST_KEY_UIStatusBarStyle[sdk=iphoneos*]" = UIStatusBarStyleDefault;
				"INFOPLIST_KEY_UIStatusBarStyle[sdk=iphonesimulator*]" = UIStatusBarStyleDefault;
				INFOPLIST_KEY_UISupportedInterfaceOrientations_iPad = "UIInterfaceOrientationPortrait UIInterfaceOrientationPortraitUpsideDown UIInterfaceOrientationLandscapeLeft UIInterfaceOrientationLandscapeRight";
				INFOPLIST_KEY_UISupportedInterfaceOrientations_iPhone = "UIInterfaceOrientationPortrait UIInterfaceOrientationLandscapeLeft UIInterfaceOrientationLandscapeRight";
				IPHONEOS_DEPLOYMENT_TARGET = 17.2;
				LD_RUNPATH_SEARCH_PATHS = "@executable_path/Frameworks";
				"LD_RUNPATH_SEARCH_PATHS[sdk=macosx*]" = "@executable_path/../Frameworks";
				MACOSX_DEPLOYMENT_TARGET = 14.2;
				MARKETING_VERSION = 1.0;
				PRODUCT_BUNDLE_IDENTIFIER = simanerush.PackIterationBenchmarks;
				PRODUCT_NAME = "$(TARGET_NAME)";
				SDKROOT = auto;
				SUPPORTED_PLATFORMS = "iphoneos iphonesimulator macosx";
				SUPPORTS_MACCATALYST = NO;
				SWIFT_EMIT_LOC_STRINGS = YES;
				SWIFT_VERSION = 5.0;
				TARGETED_DEVICE_FAMILY = 2;
			};
			name = Debug;
		};
		EDE4B6FD2B8F0FD70051F6AE /* Release */ = {
			isa = XCBuildConfiguration;
			buildSettings = {
				ASSETCATALOG_COMPILER_APPICON_NAME = AppIcon;
				ASSETCATALOG_COMPILER_GLOBAL_ACCENT_COLOR_NAME = AccentColor;
				CODE_SIGN_ENTITLEMENTS = PackIterationBenchmarks/PackIterationBenchmarks.entitlements;
				"CODE_SIGN_IDENTITY[sdk=macosx*]" = "Apple Development";
				CODE_SIGN_STYLE = Automatic;
				CURRENT_PROJECT_VERSION = 1;
				DEVELOPMENT_ASSET_PATHS = "\"PackIterationBenchmarks/Preview Content\"";
				DEVELOPMENT_TEAM = QJZL455652;
				ENABLE_HARDENED_RUNTIME = YES;
				ENABLE_PREVIEWS = YES;
				GENERATE_INFOPLIST_FILE = YES;
				INFOPLIST_KEY_LSApplicationCategoryType = "public.app-category.utilities";
				"INFOPLIST_KEY_UIApplicationSceneManifest_Generation[sdk=iphoneos*]" = YES;
				"INFOPLIST_KEY_UIApplicationSceneManifest_Generation[sdk=iphonesimulator*]" = YES;
				"INFOPLIST_KEY_UIApplicationSupportsIndirectInputEvents[sdk=iphoneos*]" = YES;
				"INFOPLIST_KEY_UIApplicationSupportsIndirectInputEvents[sdk=iphonesimulator*]" = YES;
				"INFOPLIST_KEY_UILaunchScreen_Generation[sdk=iphoneos*]" = YES;
				"INFOPLIST_KEY_UILaunchScreen_Generation[sdk=iphonesimulator*]" = YES;
				"INFOPLIST_KEY_UIStatusBarStyle[sdk=iphoneos*]" = UIStatusBarStyleDefault;
				"INFOPLIST_KEY_UIStatusBarStyle[sdk=iphonesimulator*]" = UIStatusBarStyleDefault;
				INFOPLIST_KEY_UISupportedInterfaceOrientations_iPad = "UIInterfaceOrientationPortrait UIInterfaceOrientationPortraitUpsideDown UIInterfaceOrientationLandscapeLeft UIInterfaceOrientationLandscapeRight";
				INFOPLIST_KEY_UISupportedInterfaceOrientations_iPhone = "UIInterfaceOrientationPortrait UIInterfaceOrientationLandscapeLeft UIInterfaceOrientationLandscapeRight";
				IPHONEOS_DEPLOYMENT_TARGET = 17.2;
				LD_RUNPATH_SEARCH_PATHS = "@executable_path/Frameworks";
				"LD_RUNPATH_SEARCH_PATHS[sdk=macosx*]" = "@executable_path/../Frameworks";
				MACOSX_DEPLOYMENT_TARGET = 14.2;
				MARKETING_VERSION = 1.0;
				PRODUCT_BUNDLE_IDENTIFIER = simanerush.PackIterationBenchmarks;
				PRODUCT_NAME = "$(TARGET_NAME)";
				SDKROOT = auto;
				SUPPORTED_PLATFORMS = "iphoneos iphonesimulator macosx";
				SUPPORTS_MACCATALYST = NO;
				SWIFT_EMIT_LOC_STRINGS = YES;
				SWIFT_VERSION = 5.0;
				TARGETED_DEVICE_FAMILY = 2;
			};
			name = Release;
		};
/* End XCBuildConfiguration section */

/* Begin XCConfigurationList section */
		EDE4B6E72B8F0FD60051F6AE /* Build configuration list for PBXProject "PackIterationBenchmarks" */ = {
			isa = XCConfigurationList;
			buildConfigurations = (
				EDE4B6F92B8F0FD70051F6AE /* Debug */,
				EDE4B6FA2B8F0FD70051F6AE /* Release */,
			);
			defaultConfigurationIsVisible = 0;
			defaultConfigurationName = Release;
		};
		EDE4B6FB2B8F0FD70051F6AE /* Build configuration list for PBXNativeTarget "PackIterationBenchmarks" */ = {
			isa = XCConfigurationList;
			buildConfigurations = (
				EDE4B6FC2B8F0FD70051F6AE /* Debug */,
				EDE4B6FD2B8F0FD70051F6AE /* Release */,
			);
			defaultConfigurationIsVisible = 0;
			defaultConfigurationName = Release;
		};
/* End XCConfigurationList section */
	};
	rootObject = EDE4B6E42B8F0FD60051F6AE /* Project object */;
}
